
Microsoft Visual Studio Solution File, Format Version 12.00
# Visual Studio Version 16
VisualStudioVersion = 16.0.29430.225
MinimumVisualStudioVersion = 10.0.40219.1
Project("{FAE04EC0-301F-11D3-BF4B-00C04F79EFBC}") = "CmsShoppingCart", "CmsShoppingCart\CmsShoppingCart.csproj", "{5C346225-28F6-4C56-BCEA-0AE545488CF4}"
EndProject
Global
	GlobalSection(SolutionConfigurationPlatforms) = preSolution
		Debug|Any CPU = Debug|Any CPU
		Release|Any CPU = Release|Any CPU
	EndGlobalSection
	GlobalSection(ProjectConfigurationPlatforms) = postSolution
		{5C346225-28F6-4C56-BCEA-0AE545488CF4}.Debug|Any CPU.ActiveCfg = Debug|Any CPU
		{5C346225-28F6-4C56-BCEA-0AE545488CF4}.Debug|Any CPU.Build.0 = Debug|Any CPU
		{5C346225-28F6-4C56-BCEA-0AE545488CF4}.Release|Any CPU.ActiveCfg = Release|Any CPU
		{5C346225-28F6-4C56-BCEA-0AE545488CF4}.Release|Any CPU.Build.0 = Release|Any CPU
	EndGlobalSection
	GlobalSection(SolutionProperties) = preSolution
		HideSolutionNode = FALSE
	EndGlobalSection
	GlobalSection(ExtensibilityGlobals) = postSolution
		SolutionGuid = {6A1B4BB7-EB6D-4AB9-8294-FC4C1F62F288}
	EndGlobalSection
EndGlobal
